
Microsoft Visual Studio Solution File, Format Version 12.00
# Visual Studio Version 17
VisualStudioVersion = 17.7.34221.43
MinimumVisualStudioVersion = 10.0.40219.1
Project("{FAE04EC0-301F-11D3-BF4B-00C04F79EFBC}") = "DataTranfer", "DataTranfer\DataTranfer.csproj", "{4650C285-1D1C-474A-A3C6-A2049EAB66EA}"
EndProject
Global
	GlobalSection(SolutionConfigurationPlatforms) = preSolution
		Debug|Any CPU = Debug|Any CPU
		Release|Any CPU = Release|Any CPU
	EndGlobalSection
	GlobalSection(ProjectConfigurationPlatforms) = postSolution
		{4650C285-1D1C-474A-A3C6-A2049EAB66EA}.Debug|Any CPU.ActiveCfg = Debug|Any CPU
		{4650C285-1D1C-474A-A3C6-A2049EAB66EA}.Debug|Any CPU.Build.0 = Debug|Any CPU
		{4650C285-1D1C-474A-A3C6-A2049EAB66EA}.Release|Any CPU.ActiveCfg = Release|Any CPU
		{4650C285-1D1C-474A-A3C6-A2049EAB66EA}.Release|Any CPU.Build.0 = Release|Any CPU
	EndGlobalSection
	GlobalSection(SolutionProperties) = preSolution
		HideSolutionNode = FALSE
	EndGlobalSection
	GlobalSection(ExtensibilityGlobals) = postSolution
		SolutionGuid = {22639710-25EA-42C9-82F8-9F8FB61AF245}
	EndGlobalSection
EndGlobal
